
Microsoft Visual Studio Solution File, Format Version 12.00
# Visual Studio Version 17
VisualStudioVersion = 17.8.34511.84
MinimumVisualStudioVersion = 10.0.40219.1
Project("{FAE04EC0-301F-11D3-BF4B-00C04F79EFBC}") = "CM", "CM\CM.csproj", "{2102B532-756D-4A57-8930-477CD7D8EC7D}"
EndProject
Project("{FAE04EC0-301F-11D3-BF4B-00C04F79EFBC}") = "DAL", "DAL\DAL.csproj", "{4F91F240-6253-427C-8E2D-BB73D3FEBCF8}"
EndProject
Global
	GlobalSection(SolutionConfigurationPlatforms) = preSolution
		Debug|Any CPU = Debug|Any CPU
		Release|Any CPU = Release|Any CPU
	EndGlobalSection
	GlobalSection(ProjectConfigurationPlatforms) = postSolution
		{2102B532-756D-4A57-8930-477CD7D8EC7D}.Debug|Any CPU.ActiveCfg = Debug|Any CPU
		{2102B532-756D-4A57-8930-477CD7D8EC7D}.Debug|Any CPU.Build.0 = Debug|Any CPU
		{2102B532-756D-4A57-8930-477CD7D8EC7D}.Release|Any CPU.ActiveCfg = Release|Any CPU
		{2102B532-756D-4A57-8930-477CD7D8EC7D}.Release|Any CPU.Build.0 = Release|Any CPU
		{4F91F240-6253-427C-8E2D-BB73D3FEBCF8}.Debug|Any CPU.ActiveCfg = Debug|Any CPU
		{4F91F240-6253-427C-8E2D-BB73D3FEBCF8}.Debug|Any CPU.Build.0 = Debug|Any CPU
		{4F91F240-6253-427C-8E2D-BB73D3FEBCF8}.Release|Any CPU.ActiveCfg = Release|Any CPU
		{4F91F240-6253-427C-8E2D-BB73D3FEBCF8}.Release|Any CPU.Build.0 = Release|Any CPU
	EndGlobalSection
	GlobalSection(SolutionProperties) = preSolution
		HideSolutionNode = FALSE
	EndGlobalSection
	GlobalSection(ExtensibilityGlobals) = postSolution
		SolutionGuid = {C8CBF532-D05D-4739-B688-A8FBF329F82B}
	EndGlobalSection
EndGlobal
